// !$*UTF8*$!
{
	archiveVersion = 1;
	classes = {
	};
	objectVersion = 46;
	objects = {

/* Begin PBXBuildFile section */
		91C9581619D747210047B4A4 /* AppDelegate.swift in Sources */ = {isa = PBXBuildFile; fileRef = 91C9581519D747210047B4A4 /* AppDelegate.swift */; };
		91C9581819D747210047B4A4 /* ViewController.swift in Sources */ = {isa = PBXBuildFile; fileRef = 91C9581719D747210047B4A4 /* ViewController.swift */; };
		91C9581B19D747210047B4A4 /* Main.storyboard in Resources */ = {isa = PBXBuildFile; fileRef = 91C9581919D747210047B4A4 /* Main.storyboard */; };
		91C9581D19D747220047B4A4 /* Images.xcassets in Resources */ = {isa = PBXBuildFile; fileRef = 91C9581C19D747220047B4A4 /* Images.xcassets */; };
		91C9582019D747220047B4A4 /* LaunchScreen.xib in Resources */ = {isa = PBXBuildFile; fileRef = 91C9581E19D747220047B4A4 /* LaunchScreen.xib */; };
		91C9582C19D747230047B4A4 /* PostcardTests.swift in Sources */ = {isa = PBXBuildFile; fileRef = 91C9582B19D747230047B4A4 /* PostcardTests.swift */; };
		91C9583619D74E0D0047B4A4 /* SagradaFamilia.jpeg in Resources */ = {isa = PBXBuildFile; fileRef = 91C9583519D74E0D0047B4A4 /* SagradaFamilia.jpeg */; };
		91C9583819D750860047B4A4 /* AlbertEinsteinStamp.jpg in Resources */ = {isa = PBXBuildFile; fileRef = 91C9583719D750860047B4A4 /* AlbertEinsteinStamp.jpg */; };
/* End PBXBuildFile section */

/* Begin PBXContainerItemProxy section */
		91C9582619D747230047B4A4 /* PBXContainerItemProxy */ = {
			isa = PBXContainerItemProxy;
			containerPortal = 91C9580819D7471F0047B4A4 /* Project object */;
			proxyType = 1;
			remoteGlobalIDString = 91C9580F19D747200047B4A4;
			remoteInfo = Postcard;
		};
/* End PBXContainerItemProxy section */

/* Begin PBXFileReference section */
		91C9581019D747210047B4A4 /* Postcard.app */ = {isa = PBXFileReference; explicitFileType = wrapper.application; includeInIndex = 0; path = Postcard.app; sourceTree = BUILT_PRODUCTS_DIR; };
		91C9581419D747210047B4A4 /* Info.plist */ = {isa = PBXFileReference; lastKnownFileType = text.plist.xml; path = Info.plist; sourceTree = "<group>"; };
		91C9581519D747210047B4A4 /* AppDelegate.swift */ = {isa = PBXFileReference; lastKnownFileType = sourcecode.swift; path = AppDelegate.swift; sourceTree = "<group>"; };
		91C9581719D747210047B4A4 /* ViewController.swift */ = {isa = PBXFileReference; lastKnownFileType = sourcecode.swift; path = ViewController.swift; sourceTree = "<group>"; };
		91C9581A19D747210047B4A4 /* Base */ = {isa = PBXFileReference; lastKnownFileType = file.storyboard; name = Base; path = Base.lproj/Main.storyboard; sourceTree = "<group>"; };
		91C9581C19D747220047B4A4 /* Images.xcassets */ = {isa = PBXFileReference; lastKnownFileType = folder.assetcatalog; path = Images.xcassets; sourceTree = "<group>"; };
		91C9581F19D747220047B4A4 /* Base */ = {isa = PBXFileReference; lastKnownFileType = file.xib; name = Base; path = Base.lproj/LaunchScreen.xib; sourceTree = "<group>"; };
		91C9582519D747230047B4A4 /* PostcardTests.xctest */ = {isa = PBXFileReference; explicitFileType = wrapper.cfbundle; includeInIndex = 0; path = PostcardTests.xctest; sourceTree = BUILT_PRODUCTS_DIR; };
		91C9582A19D747230047B4A4 /* Info.plist */ = {isa = PBXFileReference; lastKnownFileType = text.plist.xml; path = Info.plist; sourceTree = "<group>"; };
		91C9582B19D747230047B4A4 /* PostcardTests.swift */ = {isa = PBXFileReference; lastKnownFileType = sourcecode.swift; path = PostcardTests.swift; sourceTree = "<group>"; };
		91C9583519D74E0D0047B4A4 /* SagradaFamilia.jpeg */ = {isa = PBXFileReference; lastKnownFileType = image.jpeg; path = SagradaFamilia.jpeg; sourceTree = "<group>"; };
		91C9583719D750860047B4A4 /* AlbertEinsteinStamp.jpg */ = {isa = PBXFileReference; lastKnownFileType = image.jpeg; path = AlbertEinsteinStamp.jpg; sourceTree = "<group>"; };
/* End PBXFileReference section */

/* Begin PBXFrameworksBuildPhase section */
		91C9580D19D747200047B4A4 /* Frameworks */ = {
			isa = PBXFrameworksBuildPhase;
			buildActionMask = 2147483647;
			files = (
			);
			runOnlyForDeploymentPostprocessing = 0;
		};
		91C9582219D747230047B4A4 /* Frameworks */ = {
			isa = PBXFrameworksBuildPhase;
			buildActionMask = 2147483647;
			files = (
			);
			runOnlyForDeploymentPostprocessing = 0;
		};
/* End PBXFrameworksBuildPhase section */

/* Begin PBXGroup section */
		91C9580719D7471F0047B4A4 = {
			isa = PBXGroup;
			children = (
				91C9581219D747210047B4A4 /* Postcard */,
				91C9582819D747230047B4A4 /* PostcardTests */,
				91C9581119D747210047B4A4 /* Products */,
			);
			sourceTree = "<group>";
		};
		91C9581119D747210047B4A4 /* Products */ = {
			isa = PBXGroup;
			children = (
				91C9581019D747210047B4A4 /* Postcard.app */,
				91C9582519D747230047B4A4 /* PostcardTests.xctest */,
			);
			name = Products;
			sourceTree = "<group>";
		};
		91C9581219D747210047B4A4 /* Postcard */ = {
			isa = PBXGroup;
			children = (
				91C9581519D747210047B4A4 /* AppDelegate.swift */,
				91C9581719D747210047B4A4 /* ViewController.swift */,
				91C9581919D747210047B4A4 /* Main.storyboard */,
				91C9581C19D747220047B4A4 /* Images.xcassets */,
				91C9581E19D747220047B4A4 /* LaunchScreen.xib */,
				91C9581319D747210047B4A4 /* Supporting Files */,
			);
			path = Postcard;
			sourceTree = "<group>";
		};
		91C9581319D747210047B4A4 /* Supporting Files */ = {
			isa = PBXGroup;
			children = (
				91C9583719D750860047B4A4 /* AlbertEinsteinStamp.jpg */,
				91C9583519D74E0D0047B4A4 /* SagradaFamilia.jpeg */,
				91C9581419D747210047B4A4 /* Info.plist */,
			);
			name = "Supporting Files";
			sourceTree = "<group>";
		};
		91C9582819D747230047B4A4 /* PostcardTests */ = {
			isa = PBXGroup;
			children = (
				91C9582B19D747230047B4A4 /* PostcardTests.swift */,
				91C9582919D747230047B4A4 /* Supporting Files */,
			);
			path = PostcardTests;
			sourceTree = "<group>";
		};
		91C9582919D747230047B4A4 /* Supporting Files */ = {
			isa = PBXGroup;
			children = (
				91C9582A19D747230047B4A4 /* Info.plist */,
			);
			name = "Supporting Files";
			sourceTree = "<group>";
		};
/* End PBXGroup section */

/* Begin PBXNativeTarget section */
		91C9580F19D747200047B4A4 /* Postcard */ = {
			isa = PBXNativeTarget;
			buildConfigurationList = 91C9582F19D747230047B4A4 /* Build configuration list for PBXNativeTarget "Postcard" */;
			buildPhases = (
				91C9580C19D747200047B4A4 /* Sources */,
				91C9580D19D747200047B4A4 /* Frameworks */,
				91C9580E19D747200047B4A4 /* Resources */,
			);
			buildRules = (
			);
			dependencies = (
			);
			name = Postcard;
			productName = Postcard;
			productReference = 91C9581019D747210047B4A4 /* Postcard.app */;
			productType = "com.apple.product-type.application";
		};
		91C9582419D747230047B4A4 /* PostcardTests */ = {
			isa = PBXNativeTarget;
			buildConfigurationList = 91C9583219D747230047B4A4 /* Build configuration list for PBXNativeTarget "PostcardTests" */;
			buildPhases = (
				91C9582119D747230047B4A4 /* Sources */,
				91C9582219D747230047B4A4 /* Frameworks */,
				91C9582319D747230047B4A4 /* Resources */,
			);
			buildRules = (
			);
			dependencies = (
				91C9582719D747230047B4A4 /* PBXTargetDependency */,
			);
			name = PostcardTests;
			productName = PostcardTests;
			productReference = 91C9582519D747230047B4A4 /* PostcardTests.xctest */;
			productType = "com.apple.product-type.bundle.unit-test";
		};
/* End PBXNativeTarget section */

/* Begin PBXProject section */
		91C9580819D7471F0047B4A4 /* Project object */ = {
			isa = PBXProject;
			attributes = {
				LastUpgradeCheck = 0600;
				ORGANIZATIONNAME = CrunchTap;
				TargetAttributes = {
					91C9580F19D747200047B4A4 = {
						CreatedOnToolsVersion = 6.0.1;
					};
					91C9582419D747230047B4A4 = {
						CreatedOnToolsVersion = 6.0.1;
						TestTargetID = 91C9580F19D747200047B4A4;
					};
				};
			};
			buildConfigurationList = 91C9580B19D7471F0047B4A4 /* Build configuration list for PBXProject "Postcard" */;
			compatibilityVersion = "Xcode 3.2";
			developmentRegion = English;
			hasScannedForEncodings = 0;
			knownRegions = (
				en,
				Base,
			);
			mainGroup = 91C9580719D7471F0047B4A4;
			productRefGroup = 91C9581119D747210047B4A4 /* Products */;
			projectDirPath = "";
			projectRoot = "";
			targets = (
				91C9580F19D747200047B4A4 /* Postcard */,
				91C9582419D747230047B4A4 /* PostcardTests */,
			);
		};
/* End PBXProject section */

/* Begin PBXResourcesBuildPhase section */
		91C9580E19D747200047B4A4 /* Resources */ = {
			isa = PBXResourcesBuildPhase;
			buildActionMask = 2147483647;
			files = (
				91C9581B19D747210047B4A4 /* Main.storyboard in Resources */,
				91C9583619D74E0D0047B4A4 /* SagradaFamilia.jpeg in Resources */,
				91C9583819D750860047B4A4 /* AlbertEinsteinStamp.jpg in Resources */,
				91C9582019D747220047B4A4 /* LaunchScreen.xib in Resources */,
				91C9581D19D747220047B4A4 /* Images.xcassets in Resources */,
			);
			runOnlyForDeploymentPostprocessing = 0;
		};
		91C9582319D747230047B4A4 /* Resources */ = {
			isa = PBXResourcesBuildPhase;
			buildActionMask = 2147483647;
			files = (
			);
			runOnlyForDeploymentPostprocessing = 0;
		};
/* End PBXResourcesBuildPhase section */

/* Begin PBXSourcesBuildPhase section */
		91C9580C19D747200047B4A4 /* Sources */ = {
			isa = PBXSourcesBuildPhase;
			buildActionMask = 2147483647;
			files = (
				91C9581819D747210047B4A4 /* ViewController.swift in Sources */,
				91C9581619D747210047B4A4 /* AppDelegate.swift in Sources */,
			);
			runOnlyForDeploymentPostprocessing = 0;
		};
		91C9582119D747230047B4A4 /* Sources */ = {
			isa = PBXSourcesBuildPhase;
			buildActionMask = 2147483647;
			files = (
				91C9582C19D747230047B4A4 /* PostcardTests.swift in Sources */,
			);
			runOnlyForDeploymentPostprocessing = 0;
		};
/* End PBXSourcesBuildPhase section */

/* Begin PBXTargetDependency section */
		91C9582719D747230047B4A4 /* PBXTargetDependency */ = {
			isa = PBXTargetDependency;
			target = 91C9580F19D747200047B4A4 /* Postcard */;
			targetProxy = 91C9582619D747230047B4A4 /* PBXContainerItemProxy */;
		};
/* End PBXTargetDependency section */

/* Begin PBXVariantGroup section */
		91C9581919D747210047B4A4 /* Main.storyboard */ = {
			isa = PBXVariantGroup;
			children = (
				91C9581A19D747210047B4A4 /* Base */,
			);
			name = Main.storyboard;
			sourceTree = "<group>";
		};
		91C9581E19D747220047B4A4 /* LaunchScreen.xib */ = {
			isa = PBXVariantGroup;
			children = (
				91C9581F19D747220047B4A4 /* Base */,
			);
			name = LaunchScreen.xib;
			sourceTree = "<group>";
		};
/* End PBXVariantGroup section */

/* Begin XCBuildConfiguration section */
		91C9582D19D747230047B4A4 /* Debug */ = {
			isa = XCBuildConfiguration;
			buildSettings = {
				ALWAYS_SEARCH_USER_PATHS = NO;
				CLANG_CXX_LANGUAGE_STANDARD = "gnu++0x";
				CLANG_CXX_LIBRARY = "libc++";
				CLANG_ENABLE_MODULES = YES;
				CLANG_ENABLE_OBJC_ARC = YES;
				CLANG_WARN_BOOL_CONVERSION = YES;
				CLANG_WARN_CONSTANT_CONVERSION = YES;
				CLANG_WARN_DIRECT_OBJC_ISA_USAGE = YES_ERROR;
				CLANG_WARN_EMPTY_BODY = YES;
				CLANG_WARN_ENUM_CONVERSION = YES;
				CLANG_WARN_INT_CONVERSION = YES;
				CLANG_WARN_OBJC_ROOT_CLASS = YES_ERROR;
				CLANG_WARN_UNREACHABLE_CODE = YES;
				CLANG_WARN__DUPLICATE_METHOD_MATCH = YES;
				"CODE_SIGN_IDENTITY[sdk=iphoneos*]" = "iPhone Developer";
				COPY_PHASE_STRIP = NO;
				ENABLE_STRICT_OBJC_MSGSEND = YES;
				GCC_C_LANGUAGE_STANDARD = gnu99;
				GCC_DYNAMIC_NO_PIC = NO;
				GCC_OPTIMIZATION_LEVEL = 0;
				GCC_PREPROCESSOR_DEFINITIONS = (
					"DEBUG=1",
					"$(inherited)",
				);
				GCC_SYMBOLS_PRIVATE_EXTERN = NO;
				GCC_WARN_64_TO_32_BIT_CONVERSION = YES;
				GCC_WARN_ABOUT_RETURN_TYPE = YES_ERROR;
				GCC_WARN_UNDECLARED_SELECTOR = YES;
				GCC_WARN_UNINITIALIZED_AUTOS = YES_AGGRESSIVE;
				GCC_WARN_UNUSED_FUNCTION = YES;
				GCC_WARN_UNUSED_VARIABLE = YES;
				IPHONEOS_DEPLOYMENT_TARGET = 8.0;
				MTL_ENABLE_DEBUG_INFO = YES;
				ONLY_ACTIVE_ARCH = YES;
				SDKROOT = iphoneos;
				SWIFT_OPTIMIZATION_LEVEL = "-Onone";
			};
			name = Debug;
		};
		91C9582E19D747230047B4A4 /* Release */ = {
			isa = XCBuildConfiguration;
			buildSettings = {
				ALWAYS_SEARCH_USER_PATHS = NO;
				CLANG_CXX_LANGUAGE_STANDARD = "gnu++0x";
				CLANG_CXX_LIBRARY = "libc++";
				CLANG_ENABLE_MODULES = YES;
				CLANG_ENABLE_OBJC_ARC = YES;
				CLANG_WARN_BOOL_CONVERSION = YES;
				CLANG_WARN_CONSTANT_CONVERSION = YES;
				CLANG_WARN_DIRECT_OBJC_ISA_USAGE = YES_ERROR;
				CLANG_WARN_EMPTY_BODY = YES;
				CLANG_WARN_ENUM_CONVERSION = YES;
				CLANG_WARN_INT_CONVERSION = YES;
				CLANG_WARN_OBJC_ROOT_CLASS = YES_ERROR;
				CLANG_WARN_UNREACHABLE_CODE = YES;
				CLANG_WARN__DUPLICATE_METHOD_MATCH = YES;
				"CODE_SIGN_IDENTITY[sdk=iphoneos*]" = "iPhone Developer";
				COPY_PHASE_STRIP = YES;
				ENABLE_NS_ASSERTIONS = NO;
				ENABLE_STRICT_OBJC_MSGSEND = YES;
				GCC_C_LANGUAGE_STANDARD = gnu99;
				GCC_WARN_64_TO_32_BIT_CONVERSION = YES;
				GCC_WARN_ABOUT_RETURN_TYPE = YES_ERROR;
				GCC_WARN_UNDECLARED_SELECTOR = YES;
				GCC_WARN_UNINITIALIZED_AUTOS = YES_AGGRESSIVE;
				GCC_WARN_UNUSED_FUNCTION = YES;
				GCC_WARN_UNUSED_VARIABLE = YES;
				IPHONEOS_DEPLOYMENT_TARGET = 8.0;
				MTL_ENABLE_DEBUG_INFO = NO;
				SDKROOT = iphoneos;
				VALIDATE_PRODUCT = YES;
			};
			name = Release;
		};
		91C9583019D747230047B4A4 /* Debug */ = {
			isa = XCBuildConfiguration;
			buildSettings = {
				ASSETCATALOG_COMPILER_APPICON_NAME = AppIcon;
				INFOPLIST_FILE = Postcard/Info.plist;
				LD_RUNPATH_SEARCH_PATHS = "$(inherited) @executable_path/Frameworks";
				PRODUCT_NAME = "$(TARGET_NAME)";
			};
			name = Debug;
		};
		91C9583119D747230047B4A4 /* Release */ = {
			isa = XCBuildConfiguration;
			buildSettings = {
				ASSETCATALOG_COMPILER_APPICON_NAME = AppIcon;
				INFOPLIST_FILE = Postcard/Info.plist;
				LD_RUNPATH_SEARCH_PATHS = "$(inherited) @executable_path/Frameworks";
				PRODUCT_NAME = "$(TARGET_NAME)";
			};
			name = Release;
		};
		91C9583319D747230047B4A4 /* Debug */ = {
			isa = XCBuildConfiguration;
			buildSettings = {
				BUNDLE_LOADER = "$(TEST_HOST)";
				FRAMEWORK_SEARCH_PATHS = (
					"$(SDKROOT)/Developer/Library/Frameworks",
					"$(inherited)",
				);
				GCC_PREPROCESSOR_DEFINITIONS = (
					"DEBUG=1",
					"$(inherited)",
				);
				INFOPLIST_FILE = PostcardTests/Info.plist;
				LD_RUNPATH_SEARCH_PATHS = "$(inherited) @executable_path/Frameworks @loader_path/Frameworks";
				PRODUCT_NAME = "$(TARGET_NAME)";
				TEST_HOST = "$(BUILT_PRODUCTS_DIR)/Postcard.app/Postcard";
			};
			name = Debug;
		};
		91C9583419D747230047B4A4 /* Release */ = {
			isa = XCBuildConfiguration;
			buildSettings = {
				BUNDLE_LOADER = "$(TEST_HOST)";
				FRAMEWORK_SEARCH_PATHS = (
					"$(SDKROOT)/Developer/Library/Frameworks",
					"$(inherited)",
				);
				INFOPLIST_FILE = PostcardTests/Info.plist;
				LD_RUNPATH_SEARCH_PATHS = "$(inherited) @executable_path/Frameworks @loader_path/Frameworks";
				PRODUCT_NAME = "$(TARGET_NAME)";
				TEST_HOST = "$(BUILT_PRODUCTS_DIR)/Postcard.app/Postcard";
			};
			name = Release;
		};
/* End XCBuildConfiguration section */

/* Begin XCConfigurationList section */
		91C9580B19D7471F0047B4A4 /* Build configuration list for PBXProject "Postcard" */ = {
			isa = XCConfigurationList;
			buildConfigurations = (
				91C9582D19D747230047B4A4 /* Debug */,
				91C9582E19D747230047B4A4 /* Release */,
			);
			defaultConfigurationIsVisible = 0;
			defaultConfigurationName = Release;
		};
		91C9582F19D747230047B4A4 /* Build configuration list for PBXNativeTarget "Postcard" */ = {
			isa = XCConfigurationList;
			buildConfigurations = (
				91C9583019D747230047B4A4 /* Debug */,
				91C9583119D747230047B4A4 /* Release */,
			);
			defaultConfigurationIsVisible = 0;
		};
		91C9583219D747230047B4A4 /* Build configuration list for PBXNativeTarget "PostcardTests" */ = {
			isa = XCConfigurationList;
			buildConfigurations = (
				91C9583319D747230047B4A4 /* Debug */,
				91C9583419D747230047B4A4 /* Release */,
			);
			defaultConfigurationIsVisible = 0;
		};
/* End XCConfigurationList section */
	};
	rootObject = 91C9580819D7471F0047B4A4 /* Project object */;
}
